
Microsoft Visual Studio Solution File, Format Version 12.00
# Visual Studio Version 17
VisualStudioVersion = 17.5.002.0
MinimumVisualStudioVersion = 10.0.40219.1
Project("{9A19103F-16F7-4668-BE54-9A1E7A4F7556}") = "pa4", "pa4.csproj", "{8BFAB530-4811-4E66-8AFE-B5E8D7A47239}"
EndProject
Project("{9A19103F-16F7-4668-BE54-9A1E7A4F7556}") = "api", "api\api.csproj", "{B89E2B38-E90E-48BF-880F-2A732144A143}"
EndProject
Global
	GlobalSection(SolutionConfigurationPlatforms) = preSolution
		Debug|Any CPU = Debug|Any CPU
		Release|Any CPU = Release|Any CPU
	EndGlobalSection
	GlobalSection(ProjectConfigurationPlatforms) = postSolution
		{8BFAB530-4811-4E66-8AFE-B5E8D7A47239}.Debug|Any CPU.ActiveCfg = Debug|Any CPU
		{8BFAB530-4811-4E66-8AFE-B5E8D7A47239}.Debug|Any CPU.Build.0 = Debug|Any CPU
		{8BFAB530-4811-4E66-8AFE-B5E8D7A47239}.Release|Any CPU.ActiveCfg = Release|Any CPU
		{8BFAB530-4811-4E66-8AFE-B5E8D7A47239}.Release|Any CPU.Build.0 = Release|Any CPU
		{B89E2B38-E90E-48BF-880F-2A732144A143}.Debug|Any CPU.ActiveCfg = Debug|Any CPU
		{B89E2B38-E90E-48BF-880F-2A732144A143}.Debug|Any CPU.Build.0 = Debug|Any CPU
		{B89E2B38-E90E-48BF-880F-2A732144A143}.Release|Any CPU.ActiveCfg = Release|Any CPU
		{B89E2B38-E90E-48BF-880F-2A732144A143}.Release|Any CPU.Build.0 = Release|Any CPU
	EndGlobalSection
	GlobalSection(SolutionProperties) = preSolution
		HideSolutionNode = FALSE
	EndGlobalSection
	GlobalSection(ExtensibilityGlobals) = postSolution
		SolutionGuid = {65D7E51B-4E43-4205-8A4B-1468DBF3CF22}
	EndGlobalSection
EndGlobal
